
Microsoft Visual Studio Solution File, Format Version 12.00
# Visual Studio 15
VisualStudioVersion = 15.0.28307.489
MinimumVisualStudioVersion = 10.0.40219.1
Project("{159641D6-6404-4A2A-AE62-294DE0FE8301}") = "ProductsETL", "ProductsETL\ProductsETL.dtproj", "{431F05AB-7A8A-4A2B-A00F-1FE0D9E3A3BC}"
EndProject
Global
	GlobalSection(SolutionConfigurationPlatforms) = preSolution
		Development|Default = Development|Default
	EndGlobalSection
	GlobalSection(ProjectConfigurationPlatforms) = postSolution
		{431F05AB-7A8A-4A2B-A00F-1FE0D9E3A3BC}.Development|Default.ActiveCfg = Development
		{431F05AB-7A8A-4A2B-A00F-1FE0D9E3A3BC}.Development|Default.Build.0 = Development
	EndGlobalSection
	GlobalSection(SolutionProperties) = preSolution
		HideSolutionNode = FALSE
	EndGlobalSection
	GlobalSection(ExtensibilityGlobals) = postSolution
		SolutionGuid = {013AB1ED-2485-4888-979A-A2A30FFE8CE6}
	EndGlobalSection
EndGlobal
